{
  "requires": true,
  "lockfileVersion": 1,
  "dependencies": {
    "ngx-skill-bar": {
      "version": "1.0.3",
      "resolved": "https://registry.npmjs.org/ngx-skill-bar/-/ngx-skill-bar-1.0.3.tgz",
      "integrity": "sha512-KNfK88z93fIgk1ybXcrEGbNA6XeRDDmm7ZKI3a870mMcde1CFbjQan7KOVmSdtjrTHjXL//SCyfty9bVIGc+BA==",
      "requires": {
        "tslib": "^1.9.0"
      }
    },
    "tslib": {
      "version": "1.10.0",
      "resolved": "https://registry.npmjs.org/tslib/-/tslib-1.10.0.tgz",
      "integrity": "sha512-qOebF53frne81cf0S9B41ByenJ3/IuH8yJKngAX35CmiZySA0khhkovshKK+jGCaMnVomla7gVlIcc3EvKPbTQ=="
    }
  }
}
